// !$*UTF8*$!
{
	archiveVersion = 1;
	classes = {
	};
	objectVersion = 46;
	objects = {

/* Begin PBXBuildFile section */
		AB58869F1D361A8E002AA08B /* main.m in Sources */ = {isa = PBXBuildFile; fileRef = AB58869E1D361A8E002AA08B /* main.m */; };
		AB5886A21D361A8E002AA08B /* AppDelegate.m in Sources */ = {isa = PBXBuildFile; fileRef = AB5886A11D361A8E002AA08B /* AppDelegate.m */; };
		AB5886A51D361A8E002AA08B /* ViewController.m in Sources */ = {isa = PBXBuildFile; fileRef = AB5886A41D361A8E002AA08B /* ViewController.m */; };
		AB5886A81D361A8E002AA08B /* Main.storyboard in Resources */ = {isa = PBXBuildFile; fileRef = AB5886A61D361A8E002AA08B /* Main.storyboard */; };
		AB5886AA1D361A8E002AA08B /* Assets.xcassets in Resources */ = {isa = PBXBuildFile; fileRef = AB5886A91D361A8E002AA08B /* Assets.xcassets */; };
		AB5886AD1D361A8E002AA08B /* LaunchScreen.storyboard in Resources */ = {isa = PBXBuildFile; fileRef = AB5886AB1D361A8E002AA08B /* LaunchScreen.storyboard */; };
		AB5886B71D361AB7002AA08B /* MyCollectionViewCell.m in Sources */ = {isa = PBXBuildFile; fileRef = AB5886B51D361AB7002AA08B /* MyCollectionViewCell.m */; };
		AB5886B81D361AB7002AA08B /* MyCollectionViewCell.xib in Resources */ = {isa = PBXBuildFile; fileRef = AB5886B61D361AB7002AA08B /* MyCollectionViewCell.xib */; };
/* End PBXBuildFile section */

/* Begin PBXFileReference section */
		AB58869A1D361A8E002AA08B /* CollectionViewScrollEffect.app */ = {isa = PBXFileReference; explicitFileType = wrapper.application; includeInIndex = 0; path = CollectionViewScrollEffect.app; sourceTree = BUILT_PRODUCTS_DIR; };
		AB58869E1D361A8E002AA08B /* main.m */ = {isa = PBXFileReference; lastKnownFileType = sourcecode.c.objc; path = main.m; sourceTree = "<group>"; };
		AB5886A01D361A8E002AA08B /* AppDelegate.h */ = {isa = PBXFileReference; lastKnownFileType = sourcecode.c.h; path = AppDelegate.h; sourceTree = "<group>"; };
		AB5886A11D361A8E002AA08B /* AppDelegate.m */ = {isa = PBXFileReference; lastKnownFileType = sourcecode.c.objc; path = AppDelegate.m; sourceTree = "<group>"; };
		AB5886A31D361A8E002AA08B /* ViewController.h */ = {isa = PBXFileReference; lastKnownFileType = sourcecode.c.h; path = ViewController.h; sourceTree = "<group>"; };
		AB5886A41D361A8E002AA08B /* ViewController.m */ = {isa = PBXFileReference; lastKnownFileType = sourcecode.c.objc; path = ViewController.m; sourceTree = "<group>"; };
		AB5886A71D361A8E002AA08B /* Base */ = {isa = PBXFileReference; lastKnownFileType = file.storyboard; name = Base; path = Base.lproj/Main.storyboard; sourceTree = "<group>"; };
		AB5886A91D361A8E002AA08B /* Assets.xcassets */ = {isa = PBXFileReference; lastKnownFileType = folder.assetcatalog; path = Assets.xcassets; sourceTree = "<group>"; };
		AB5886AC1D361A8E002AA08B /* Base */ = {isa = PBXFileReference; lastKnownFileType = file.storyboard; name = Base; path = Base.lproj/LaunchScreen.storyboard; sourceTree = "<group>"; };
		AB5886AE1D361A8E002AA08B /* Info.plist */ = {isa = PBXFileReference; lastKnownFileType = text.plist.xml; path = Info.plist; sourceTree = "<group>"; };
		AB5886B41D361AB7002AA08B /* MyCollectionViewCell.h */ = {isa = PBXFileReference; fileEncoding = 4; lastKnownFileType = sourcecode.c.h; path = MyCollectionViewCell.h; sourceTree = "<group>"; };
		AB5886B51D361AB7002AA08B /* MyCollectionViewCell.m */ = {isa = PBXFileReference; fileEncoding = 4; lastKnownFileType = sourcecode.c.objc; path = MyCollectionViewCell.m; sourceTree = "<group>"; };
		AB5886B61D361AB7002AA08B /* MyCollectionViewCell.xib */ = {isa = PBXFileReference; fileEncoding = 4; lastKnownFileType = file.xib; path = MyCollectionViewCell.xib; sourceTree = "<group>"; };
/* End PBXFileReference section */

/* Begin PBXFrameworksBuildPhase section */
		AB5886971D361A8E002AA08B /* Frameworks */ = {
			isa = PBXFrameworksBuildPhase;
			buildActionMask = 2147483647;
			files = (
			);
			runOnlyForDeploymentPostprocessing = 0;
		};
/* End PBXFrameworksBuildPhase section */

/* Begin PBXGroup section */
		AB5886911D361A8E002AA08B = {
			isa = PBXGroup;
			children = (
				AB58869C1D361A8E002AA08B /* CollectionViewScrollEffect */,
				AB58869B1D361A8E002AA08B /* Products */,
			);
			sourceTree = "<group>";
		};
		AB58869B1D361A8E002AA08B /* Products */ = {
			isa = PBXGroup;
			children = (
				AB58869A1D361A8E002AA08B /* CollectionViewScrollEffect.app */,
			);
			name = Products;
			sourceTree = "<group>";
		};
		AB58869C1D361A8E002AA08B /* CollectionViewScrollEffect */ = {
			isa = PBXGroup;
			children = (
				AB5886A01D361A8E002AA08B /* AppDelegate.h */,
				AB5886A11D361A8E002AA08B /* AppDelegate.m */,
				AB5886A31D361A8E002AA08B /* ViewController.h */,
				AB5886A41D361A8E002AA08B /* ViewController.m */,
				AB5886B41D361AB7002AA08B /* MyCollectionViewCell.h */,
				AB5886B51D361AB7002AA08B /* MyCollectionViewCell.m */,
				AB5886B61D361AB7002AA08B /* MyCollectionViewCell.xib */,
				AB5886A61D361A8E002AA08B /* Main.storyboard */,
				AB5886A91D361A8E002AA08B /* Assets.xcassets */,
				AB5886AB1D361A8E002AA08B /* LaunchScreen.storyboard */,
				AB5886AE1D361A8E002AA08B /* Info.plist */,
				AB58869D1D361A8E002AA08B /* Supporting Files */,
			);
			path = CollectionViewScrollEffect;
			sourceTree = "<group>";
		};
		AB58869D1D361A8E002AA08B /* Supporting Files */ = {
			isa = PBXGroup;
			children = (
				AB58869E1D361A8E002AA08B /* main.m */,
			);
			name = "Supporting Files";
			sourceTree = "<group>";
		};
/* End PBXGroup section */

/* Begin PBXNativeTarget section */
		AB5886991D361A8E002AA08B /* CollectionViewScrollEffect */ = {
			isa = PBXNativeTarget;
			buildConfigurationList = AB5886B11D361A8E002AA08B /* Build configuration list for PBXNativeTarget "CollectionViewScrollEffect" */;
			buildPhases = (
				AB5886961D361A8E002AA08B /* Sources */,
				AB5886971D361A8E002AA08B /* Frameworks */,
				AB5886981D361A8E002AA08B /* Resources */,
			);
			buildRules = (
			);
			dependencies = (
			);
			name = CollectionViewScrollEffect;
			productName = CollectionViewScrollEffect;
			productReference = AB58869A1D361A8E002AA08B /* CollectionViewScrollEffect.app */;
			productType = "com.apple.product-type.application";
		};
/* End PBXNativeTarget section */

/* Begin PBXProject section */
		AB5886921D361A8E002AA08B /* Project object */ = {
			isa = PBXProject;
			attributes = {
				LastUpgradeCheck = 0720;
				ORGANIZATIONNAME = star;
				TargetAttributes = {
					AB5886991D361A8E002AA08B = {
						CreatedOnToolsVersion = 7.2;
					};
				};
			};
			buildConfigurationList = AB5886951D361A8E002AA08B /* Build configuration list for PBXProject "CollectionViewScrollEffect" */;
			compatibilityVersion = "Xcode 3.2";
			developmentRegion = English;
			hasScannedForEncodings = 0;
			knownRegions = (
				en,
				Base,
			);
			mainGroup = AB5886911D361A8E002AA08B;
			productRefGroup = AB58869B1D361A8E002AA08B /* Products */;
			projectDirPath = "";
			projectRoot = "";
			targets = (
				AB5886991D361A8E002AA08B /* CollectionViewScrollEffect */,
			);
		};
/* End PBXProject section */

/* Begin PBXResourcesBuildPhase section */
		AB5886981D361A8E002AA08B /* Resources */ = {
			isa = PBXResourcesBuildPhase;
			buildActionMask = 2147483647;
			files = (
				AB5886AD1D361A8E002AA08B /* LaunchScreen.storyboard in Resources */,
				AB5886AA1D361A8E002AA08B /* Assets.xcassets in Resources */,
				AB5886B81D361AB7002AA08B /* MyCollectionViewCell.xib in Resources */,
				AB5886A81D361A8E002AA08B /* Main.storyboard in Resources */,
			);
			runOnlyForDeploymentPostprocessing = 0;
		};
/* End PBXResourcesBuildPhase section */

/* Begin PBXSourcesBuildPhase section */
		AB5886961D361A8E002AA08B /* Sources */ = {
			isa = PBXSourcesBuildPhase;
			buildActionMask = 2147483647;
			files = (
				AB5886A51D361A8E002AA08B /* ViewController.m in Sources */,
				AB5886A21D361A8E002AA08B /* AppDelegate.m in Sources */,
				AB5886B71D361AB7002AA08B /* MyCollectionViewCell.m in Sources */,
				AB58869F1D361A8E002AA08B /* main.m in Sources */,
			);
			runOnlyForDeploymentPostprocessing = 0;
		};
/* End PBXSourcesBuildPhase section */

/* Begin PBXVariantGroup section */
		AB5886A61D361A8E002AA08B /* Main.storyboard */ = {
			isa = PBXVariantGroup;
			children = (
				AB5886A71D361A8E002AA08B /* Base */,
			);
			name = Main.storyboard;
			sourceTree = "<group>";
		};
		AB5886AB1D361A8E002AA08B /* LaunchScreen.storyboard */ = {
			isa = PBXVariantGroup;
			children = (
				AB5886AC1D361A8E002AA08B /* Base */,
			);
			name = LaunchScreen.storyboard;
			sourceTree = "<group>";
		};
/* End PBXVariantGroup section */

/* Begin XCBuildConfiguration section */
		AB5886AF1D361A8E002AA08B /* Debug */ = {
			isa = XCBuildConfiguration;
			buildSettings = {
				ALWAYS_SEARCH_USER_PATHS = NO;
				CLANG_CXX_LANGUAGE_STANDARD = "gnu++0x";
				CLANG_CXX_LIBRARY = "libc++";
				CLANG_ENABLE_MODULES = YES;
				CLANG_ENABLE_OBJC_ARC = YES;
				CLANG_WARN_BOOL_CONVERSION = YES;
				CLANG_WARN_CONSTANT_CONVERSION = YES;
				CLANG_WARN_DIRECT_OBJC_ISA_USAGE = YES_ERROR;
				CLANG_WARN_EMPTY_BODY = YES;
				CLANG_WARN_ENUM_CONVERSION = YES;
				CLANG_WARN_INT_CONVERSION = YES;
				CLANG_WARN_OBJC_ROOT_CLASS = YES_ERROR;
				CLANG_WARN_UNREACHABLE_CODE = YES;
				CLANG_WARN__DUPLICATE_METHOD_MATCH = YES;
				"CODE_SIGN_IDENTITY[sdk=iphoneos*]" = "iPhone Developer";
				COPY_PHASE_STRIP = NO;
				DEBUG_INFORMATION_FORMAT = dwarf;
				ENABLE_STRICT_OBJC_MSGSEND = YES;
				ENABLE_TESTABILITY = YES;
				GCC_C_LANGUAGE_STANDARD = gnu99;
				GCC_DYNAMIC_NO_PIC = NO;
				GCC_NO_COMMON_BLOCKS = YES;
				GCC_OPTIMIZATION_LEVEL = 0;
				GCC_PREPROCESSOR_DEFINITIONS = (
					"DEBUG=1",
					"$(inherited)",
				);
				GCC_WARN_64_TO_32_BIT_CONVERSION = YES;
				GCC_WARN_ABOUT_RETURN_TYPE = YES_ERROR;
				GCC_WARN_UNDECLARED_SELECTOR = YES;
				GCC_WARN_UNINITIALIZED_AUTOS = YES_AGGRESSIVE;
				GCC_WARN_UNUSED_FUNCTION = YES;
				GCC_WARN_UNUSED_VARIABLE = YES;
				IPHONEOS_DEPLOYMENT_TARGET = 9.2;
				MTL_ENABLE_DEBUG_INFO = YES;
				ONLY_ACTIVE_ARCH = YES;
				SDKROOT = iphoneos;
				TARGETED_DEVICE_FAMILY = "1,2";
			};
			name = Debug;
		};
		AB5886B01D361A8E002AA08B /* Release */ = {
			isa = XCBuildConfiguration;
			buildSettings = {
				ALWAYS_SEARCH_USER_PATHS = NO;
				CLANG_CXX_LANGUAGE_STANDARD = "gnu++0x";
				CLANG_CXX_LIBRARY = "libc++";
				CLANG_ENABLE_MODULES = YES;
				CLANG_ENABLE_OBJC_ARC = YES;
				CLANG_WARN_BOOL_CONVERSION = YES;
				CLANG_WARN_CONSTANT_CONVERSION = YES;
				CLANG_WARN_DIRECT_OBJC_ISA_USAGE = YES_ERROR;
				CLANG_WARN_EMPTY_BODY = YES;
				CLANG_WARN_ENUM_CONVERSION = YES;
				CLANG_WARN_INT_CONVERSION = YES;
				CLANG_WARN_OBJC_ROOT_CLASS = YES_ERROR;
				CLANG_WARN_UNREACHABLE_CODE = YES;
				CLANG_WARN__DUPLICATE_METHOD_MATCH = YES;
				"CODE_SIGN_IDENTITY[sdk=iphoneos*]" = "iPhone Developer";
				COPY_PHASE_STRIP = NO;
				DEBUG_INFORMATION_FORMAT = "dwarf-with-dsym";
				ENABLE_NS_ASSERTIONS = NO;
				ENABLE_STRICT_OBJC_MSGSEND = YES;
				GCC_C_LANGUAGE_STANDARD = gnu99;
				GCC_NO_COMMON_BLOCKS = YES;
				GCC_WARN_64_TO_32_BIT_CONVERSION = YES;
				GCC_WARN_ABOUT_RETURN_TYPE = YES_ERROR;
				GCC_WARN_UNDECLARED_SELECTOR = YES;
				GCC_WARN_UNINITIALIZED_AUTOS = YES_AGGRESSIVE;
				GCC_WARN_UNUSED_FUNCTION = YES;
				GCC_WARN_UNUSED_VARIABLE = YES;
				IPHONEOS_DEPLOYMENT_TARGET = 9.2;
				MTL_ENABLE_DEBUG_INFO = NO;
				SDKROOT = iphoneos;
				TARGETED_DEVICE_FAMILY = "1,2";
				VALIDATE_PRODUCT = YES;
			};
			name = Release;
		};
		AB5886B21D361A8E002AA08B /* Debug */ = {
			isa = XCBuildConfiguration;
			buildSettings = {
				ASSETCATALOG_COMPILER_APPICON_NAME = AppIcon;
				INFOPLIST_FILE = CollectionViewScrollEffect/Info.plist;
				IPHONEOS_DEPLOYMENT_TARGET = 9.1;
				LD_RUNPATH_SEARCH_PATHS = "$(inherited) @executable_path/Frameworks";
				PRODUCT_BUNDLE_IDENTIFIER = com.star.CollectionViewScrollEffect;
				PRODUCT_NAME = "$(TARGET_NAME)";
			};
			name = Debug;
		};
		AB5886B31D361A8E002AA08B /* Release */ = {
			isa = XCBuildConfiguration;
			buildSettings = {
				ASSETCATALOG_COMPILER_APPICON_NAME = AppIcon;
				INFOPLIST_FILE = CollectionViewScrollEffect/Info.plist;
				IPHONEOS_DEPLOYMENT_TARGET = 9.1;
				LD_RUNPATH_SEARCH_PATHS = "$(inherited) @executable_path/Frameworks";
				PRODUCT_BUNDLE_IDENTIFIER = com.star.CollectionViewScrollEffect;
				PRODUCT_NAME = "$(TARGET_NAME)";
			};
			name = Release;
		};
/* End XCBuildConfiguration section */

/* Begin XCConfigurationList section */
		AB5886951D361A8E002AA08B /* Build configuration list for PBXProject "CollectionViewScrollEffect" */ = {
			isa = XCConfigurationList;
			buildConfigurations = (
				AB5886AF1D361A8E002AA08B /* Debug */,
				AB5886B01D361A8E002AA08B /* Release */,
			);
			defaultConfigurationIsVisible = 0;
			defaultConfigurationName = Release;
		};
		AB5886B11D361A8E002AA08B /* Build configuration list for PBXNativeTarget "CollectionViewScrollEffect" */ = {
			isa = XCConfigurationList;
			buildConfigurations = (
				AB5886B21D361A8E002AA08B /* Debug */,
				AB5886B31D361A8E002AA08B /* Release */,
			);
			defaultConfigurationIsVisible = 0;
		};
/* End XCConfigurationList section */
	};
	rootObject = AB5886921D361A8E002AA08B /* Project object */;
}
